{
  "@catalogjs/loader": "https://pkgs.catalogjs.com/@catalogjs/loader/0.0.1/index.js",
  "@babel/types": "https://pkgs.catalogjs.com/npm/@babel/types/7.9.0/0B9DvXPGTt0sP4musQEHHk3XfUg=/src/index.js",
  "@babel/parser": "https://pkgs.catalogjs.com/npm/@babel/parser/7.9.4/f0VSzzkB5RKnNnvbASjaMF60z-4=/src/index.js",
  "@babel/traverse": "https://pkgs.catalogjs.com/npm/@babel/traverse/7.9.0/xPx-9YGAUoGIK6vYqz6HAMKcA3k=/src/index.js",
  "@babel/template": "https://pkgs.catalogjs.com/npm/@babel/template/7.8.6/r+JpNN2o5XfiSt69pKBdoX5Ha7o=/src/index.js",
  "@babel/helpers": "https://pkgs.catalogjs.com/npm/@babel/helpers/7.9.2/shOT-dZs+cmZHJqwl37jzYqjG2s=/src/index.js",
  "@babel/code-frame": "https://pkgs.catalogjs.com/npm/@babel/code-frame/7.8.3/cw6OGupBA66bkYI+vuURumNeXsk=/src/index.js",
  "@babel/helper-module-transforms": "https://pkgs.catalogjs.com/npm/@babel/helper-module-transforms/7.9.0/HFWYlC8kZB7z1ihcT-D7QuqILho=/src/index.js",
  "semver": "https://pkgs.catalogjs.com/npm/semver/5.7.1/CakrFSbKJ18SXvQKyTeD9c933AM=/semver.js",
  "lodash/includes": "https://pkgs.catalogjs.com/npm/lodash/4.17.19/D+sAl39M6XPSe0sFT6ZU+RGGp3E=/includes.js",
  "debug": "https://pkgs.catalogjs.com/npm/debug/4.1.1/V5IUDuUgP5OOlPX96VM+Q2jOevQ=/src/browser.js",
  "@babel/generator": "https://pkgs.catalogjs.com/npm/@babel/generator/7.9.4/mPcuzletzpCoYXa4hr89mozboKY=/src/index.js",
  "lodash/isInteger": "https://pkgs.catalogjs.com/npm/lodash/4.17.19/D+sAl39M6XPSe0sFT6ZU+RGGp3E=/isInteger.js",
  "@babel/helper-get-function-arity": "https://pkgs.catalogjs.com/npm/@babel/helper-get-function-arity/7.8.3/-9uRWNbYqb3bDL27hYmOuQwZRHc=/src/index.js",
  "lodash/chunk": "https://pkgs.catalogjs.com/npm/lodash/4.17.19/D+sAl39M6XPSe0sFT6ZU+RGGp3E=/chunk.js",
  "@babel/helper-module-imports": "https://pkgs.catalogjs.com/npm/@babel/helper-module-imports/7.8.3/E55QxdI4ObcHh3R3hNrzwg4g6bc=/src/index.js",
  "@babel/helper-split-export-declaration": "https://pkgs.catalogjs.com/npm/@babel/helper-split-export-declaration/7.8.3/AJ8AmuoP296oUhxZ77RANaCBKLk=/src/index.js",
  "gensync": "https://pkgs.catalogjs.com/npm/gensync/1.0.0-beta.1/emAQuHDby0r0LPkeoCa3Tqy6F9A=/index.js",
  "json5": "https://pkgs.catalogjs.com/npm/json5/2.1.2/hAEkvBxNg2mJ13J07gFw6AZCt1g=/lib/index.js",
  "lodash/escapeRegExp": "https://pkgs.catalogjs.com/npm/lodash/4.17.19/D+sAl39M6XPSe0sFT6ZU+RGGp3E=/escapeRegExp.js",
  "lodash/repeat": "https://pkgs.catalogjs.com/npm/lodash/4.17.19/D+sAl39M6XPSe0sFT6ZU+RGGp3E=/repeat.js",
  "globals": "https://pkgs.catalogjs.com/npm/globals/11.12.0/gFdKRW2VKrHWC08cYafeE8XAXbc=/index.js",
  "lodash/clone": "https://pkgs.catalogjs.com/npm/lodash/4.17.19/D+sAl39M6XPSe0sFT6ZU+RGGp3E=/clone.js",
  "resolve": "https://pkgs.catalogjs.com/npm/resolve/1.15.1/bx1VsoYPfiA0Gd0W7JIzPaJcIDw=/index.js",
  "lodash/sortBy": "https://pkgs.catalogjs.com/npm/lodash/4.17.19/D+sAl39M6XPSe0sFT6ZU+RGGp3E=/sortBy.js",
  "lodash/uniq": "https://pkgs.catalogjs.com/npm/lodash/4.17.19/D+sAl39M6XPSe0sFT6ZU+RGGp3E=/uniq.js",
  "lodash/cloneDeep": "https://pkgs.catalogjs.com/npm/lodash/4.17.19/D+sAl39M6XPSe0sFT6ZU+RGGp3E=/cloneDeep.js",
  "convert-source-map": "https://pkgs.catalogjs.com/npm/convert-source-map/1.7.0/np1-J+02Af+snGORD2F8G6FEGRY=/index.js",
  "source-map": "https://pkgs.catalogjs.com/npm/source-map/0.5.7/M+sdIo5wtNiG2yEAxaYOxg2rQ1o=/source-map.js"
}