{
  "@babel/types": "https://catalogjs.com/pkgs/npm/@babel/types/7.9.0/2PFhjRlIKcJoWSsbD21ml2MDxFs=/src/index.js",
  "@babel/parser": "https://catalogjs.com/pkgs/npm/@babel/parser/7.9.4/SwZTwPXtUqkFJh2bIzOmow9iX-c=/src/index.js",
  "@babel/traverse": "https://catalogjs.com/pkgs/npm/@babel/traverse/7.9.0/aSsh65vzxHcTI8PwBNUX0oOqeEI=/src/index.js",
  "@babel/template": "https://catalogjs.com/pkgs/npm/@babel/template/7.8.6/J1GjHmbMwl0Sz6cpDgdaVyh5FVc=/src/index.js",
  "@babel/helpers": "https://catalogjs.com/pkgs/npm/@babel/helpers/7.9.2/V0+C4BMSri7O9ONqdgzjBB0gReY=/src/index.js",
  "@babel/code-frame": "https://catalogjs.com/pkgs/npm/@babel/code-frame/7.8.3/vaQSW4KigYwhGfszfx6662FJ0a8=/src/index.js",
  "@babel/helper-module-transforms": "https://catalogjs.com/pkgs/npm/@babel/helper-module-transforms/7.9.0/ts1L5uJlJ+rlSCv5z+sFvIKaMhQ=/src/index.js",
  "semver": "https://catalogjs.com/pkgs/npm/semver/5.7.1/GMOuRK4tLUxonO1nwVmA8hcIaq0=/semver.js",
  "@babel/generator": "https://catalogjs.com/pkgs/npm/@babel/generator/7.9.4/fm3TYRL87sQZJc9AHJlFlr+dhb8=/src/index.js",
  "gensync": "https://catalogjs.com/pkgs/npm/gensync/1.0.0-beta.1/vi35H0CLHsBos9mo3K91orhHJGA=/index.js",
  "debug": "https://catalogjs.com/pkgs/npm/debug/4.1.1/DagqrR6R6IqNxQqCHb7YTZuSBko=/src/browser.js",
  "json5": "https://catalogjs.com/pkgs/npm/json5/2.1.2/lSGRGaRYXATCVEfNB5b4GNh1Oh8=/lib/index.js",
  "lodash/escapeRegExp": "https://catalogjs.com/pkgs/npm/lodash/4.17.19/LKnRSC1Bqwt5GkxGS8dQDX-oFPk=/escapeRegExp.js",
  "resolve": "https://catalogjs.com/pkgs/npm/resolve/1.15.1/e6FlXoFJjfznlHdYULhca4+06IA=/index.js",
  "lodash/sortBy": "https://catalogjs.com/pkgs/npm/lodash/4.17.19/LKnRSC1Bqwt5GkxGS8dQDX-oFPk=/sortBy.js",
  "lodash/cloneDeep": "https://catalogjs.com/pkgs/npm/lodash/4.17.19/LKnRSC1Bqwt5GkxGS8dQDX-oFPk=/cloneDeep.js",
  "convert-source-map": "https://catalogjs.com/pkgs/npm/convert-source-map/1.7.0/EoQVW9P9EixTrNYCnkoF8latemo=/index.js",
  "source-map": "https://catalogjs.com/pkgs/npm/source-map/0.5.7/Dl8FhuHFBeTtfGRFcx1OZzaytng=/source-map.js"
}