{
  "@babel/types": "https://catalogjs.com/pkgs/npm/@babel/types/7.9.0/RrC3G7TU+yepTS12FSlgzFouhmg=/src/index.js",
  "@babel/parser": "https://catalogjs.com/pkgs/npm/@babel/parser/7.9.4/9Ikl1LyiP8hC62hCt6jR1Q6SoXs=/src/index.js",
  "@babel/traverse": "https://catalogjs.com/pkgs/npm/@babel/traverse/7.9.0/EkesPIwfXt-C2JojS1tyXGhBZqw=/src/index.js",
  "@babel/template": "https://catalogjs.com/pkgs/npm/@babel/template/7.8.6/8tpz5nKSB-Q1RSDxWmm3JeciwaQ=/src/index.js",
  "@babel/helpers": "https://catalogjs.com/pkgs/npm/@babel/helpers/7.9.2/DxNyxqYSmFj+RzoFMuewY65CclE=/src/index.js",
  "@babel/code-frame": "https://catalogjs.com/pkgs/npm/@babel/code-frame/7.8.3/ivitROcfAiQ+AGxQ7FjkEmaObto=/src/index.js",
  "@babel/helper-module-transforms": "https://catalogjs.com/pkgs/npm/@babel/helper-module-transforms/7.9.0/brqdFpZ-5T4uMSBRSbFBe352irA=/src/index.js",
  "semver": "https://catalogjs.com/pkgs/npm/semver/5.7.1/GMOuRK4tLUxonO1nwVmA8hcIaq0=/semver.js",
  "@babel/generator": "https://catalogjs.com/pkgs/npm/@babel/generator/7.9.4/2tE4ukf419qS5M7qxXouz35YXzY=/src/index.js",
  "gensync": "https://catalogjs.com/pkgs/npm/gensync/1.0.0-beta.1/vi35H0CLHsBos9mo3K91orhHJGA=/index.js",
  "debug": "https://catalogjs.com/pkgs/npm/debug/4.1.1/ffmKEe8PsKi0VCsAteN2ldZEhVc=/src/browser.js",
  "json5": "https://catalogjs.com/pkgs/npm/json5/2.1.2/lSGRGaRYXATCVEfNB5b4GNh1Oh8=/lib/index.js",
  "lodash/escapeRegExp": "https://catalogjs.com/pkgs/npm/lodash/4.17.19/LKnRSC1Bqwt5GkxGS8dQDX-oFPk=/escapeRegExp.js",
  "resolve": "https://catalogjs.com/pkgs/npm/resolve/1.15.1/C3KZK7ibrpbEtJvrLKIl85MSygA=/index.js",
  "lodash/sortBy": "https://catalogjs.com/pkgs/npm/lodash/4.17.19/LKnRSC1Bqwt5GkxGS8dQDX-oFPk=/sortBy.js",
  "lodash/cloneDeep": "https://catalogjs.com/pkgs/npm/lodash/4.17.19/LKnRSC1Bqwt5GkxGS8dQDX-oFPk=/cloneDeep.js",
  "convert-source-map": "https://catalogjs.com/pkgs/npm/convert-source-map/1.7.0/eRYVqrwh7+hUa85dNGoy0sYIs+Y=/index.js",
  "source-map": "https://catalogjs.com/pkgs/npm/source-map/0.5.7/Dl8FhuHFBeTtfGRFcx1OZzaytng=/source-map.js"
}