{
  "@catalogjs/loader": "https://catalogjs.com/pkgs/@catalogjs/loader/0.0.1/index.js",
  "@babel/types": "https://catalogjs.com/pkgs/npm/@babel/types/7.9.0/vZz+2EYhLVfDI5zpRTfp3Ne+U7k=/src/index.js",
  "@babel/parser": "https://catalogjs.com/pkgs/npm/@babel/parser/7.9.4/khgDevkZzGOz6tv39lytTVhCNvc=/src/index.js",
  "@babel/traverse": "https://catalogjs.com/pkgs/npm/@babel/traverse/7.9.0/AjPcvzI1XPhIJQp1NXVZvWukZkc=/src/index.js",
  "@babel/template": "https://catalogjs.com/pkgs/npm/@babel/template/7.8.6/ZdfWP3fl5Frnb-aD1XVERp1Z5l4=/src/index.js",
  "@babel/helpers": "https://catalogjs.com/pkgs/npm/@babel/helpers/7.9.2/0rd0EyLqo1y-qzjipgHk1NoImcg=/src/index.js",
  "@babel/code-frame": "https://catalogjs.com/pkgs/npm/@babel/code-frame/7.8.3/9ff9E86NN9hrcg0eLEh3DzR+VU8=/src/index.js",
  "@babel/helper-module-transforms": "https://catalogjs.com/pkgs/npm/@babel/helper-module-transforms/7.9.0/EUOCrdn2Emyt5pxv+n9RwIJHr14=/src/index.js",
  "semver": "https://catalogjs.com/pkgs/npm/semver/5.7.1/8ciaC-LgyDEgvBa+XVBuUSq-vzg=/semver.js",
  "lodash/includes": "https://catalogjs.com/pkgs/npm/lodash/4.17.19/NbTWX71F-LVzbYPD1xMbcjuRjD0=/includes.js",
  "debug": "https://catalogjs.com/pkgs/npm/debug/4.1.1/iglG720NCeeb8uxAyWeOPqh0AP0=/src/browser.js",
  "@babel/generator": "https://catalogjs.com/pkgs/npm/@babel/generator/7.9.4/JPlJQ3kOsG03erJV8hHqEqm9eEQ=/src/index.js",
  "lodash/isInteger": "https://catalogjs.com/pkgs/npm/lodash/4.17.19/NbTWX71F-LVzbYPD1xMbcjuRjD0=/isInteger.js",
  "@babel/helper-get-function-arity": "https://catalogjs.com/pkgs/npm/@babel/helper-get-function-arity/7.8.3/tcxEXUw5y7eArmlDIxnmj-lcIeI=/src/index.js",
  "lodash/chunk": "https://catalogjs.com/pkgs/npm/lodash/4.17.19/NbTWX71F-LVzbYPD1xMbcjuRjD0=/chunk.js",
  "@babel/helper-module-imports": "https://catalogjs.com/pkgs/npm/@babel/helper-module-imports/7.8.3/cLj4wTUPQm9CDlFm0ES5oNBvmBQ=/src/index.js",
  "@babel/helper-split-export-declaration": "https://catalogjs.com/pkgs/npm/@babel/helper-split-export-declaration/7.8.3/90CfPbgfcQ7jq1mxClD7z28e0JY=/src/index.js",
  "gensync": "https://catalogjs.com/pkgs/npm/gensync/1.0.0-beta.1/Sys6DrugvNCin4t3Z3xXgU2L4tQ=/index.js",
  "json5": "https://catalogjs.com/pkgs/npm/json5/2.1.2/3nW7B6RnNiWj5Ij2cZx7Bg0YibU=/lib/index.js",
  "lodash/escapeRegExp": "https://catalogjs.com/pkgs/npm/lodash/4.17.19/NbTWX71F-LVzbYPD1xMbcjuRjD0=/escapeRegExp.js",
  "lodash/repeat": "https://catalogjs.com/pkgs/npm/lodash/4.17.19/NbTWX71F-LVzbYPD1xMbcjuRjD0=/repeat.js",
  "globals": "https://catalogjs.com/pkgs/npm/globals/11.12.0/hUeSRU2yIiQVIG1teDN06f6tApQ=/index.js",
  "lodash/clone": "https://catalogjs.com/pkgs/npm/lodash/4.17.19/NbTWX71F-LVzbYPD1xMbcjuRjD0=/clone.js",
  "resolve": "https://catalogjs.com/pkgs/npm/resolve/1.15.1/jqDUeDD3F5tY3+MVUN2p9Hew7vw=/index.js",
  "lodash/sortBy": "https://catalogjs.com/pkgs/npm/lodash/4.17.19/NbTWX71F-LVzbYPD1xMbcjuRjD0=/sortBy.js",
  "lodash/uniq": "https://catalogjs.com/pkgs/npm/lodash/4.17.19/NbTWX71F-LVzbYPD1xMbcjuRjD0=/uniq.js",
  "lodash/cloneDeep": "https://catalogjs.com/pkgs/npm/lodash/4.17.19/NbTWX71F-LVzbYPD1xMbcjuRjD0=/cloneDeep.js",
  "convert-source-map": "https://catalogjs.com/pkgs/npm/convert-source-map/1.7.0/21jdjAL332SWK7U8DtJcbNW6qNA=/index.js",
  "source-map": "https://catalogjs.com/pkgs/npm/source-map/0.5.7/OQxCNS6EpyZ-4svl8FhhstMcV+U=/source-map.js"
}